
Microsoft Visual Studio Solution File, Format Version 12.00
# Visual Studio 15
VisualStudioVersion = 15.0.28307.1231
MinimumVisualStudioVersion = 10.0.40219.1
Project("{FAE04EC0-301F-11D3-BF4B-00C04F79EFBC}") = "AgroCampo_POO", "AgroCampo_POO\AgroCampo_POO.csproj", "{8F9CF93F-06D8-4D62-83F1-9E5994B3BE98}"
EndProject
Global
	GlobalSection(SolutionConfigurationPlatforms) = preSolution
		Debug|Any CPU = Debug|Any CPU
		Release|Any CPU = Release|Any CPU
	EndGlobalSection
	GlobalSection(ProjectConfigurationPlatforms) = postSolution
		{8F9CF93F-06D8-4D62-83F1-9E5994B3BE98}.Debug|Any CPU.ActiveCfg = Debug|Any CPU
		{8F9CF93F-06D8-4D62-83F1-9E5994B3BE98}.Debug|Any CPU.Build.0 = Debug|Any CPU
		{8F9CF93F-06D8-4D62-83F1-9E5994B3BE98}.Release|Any CPU.ActiveCfg = Release|Any CPU
		{8F9CF93F-06D8-4D62-83F1-9E5994B3BE98}.Release|Any CPU.Build.0 = Release|Any CPU
	EndGlobalSection
	GlobalSection(SolutionProperties) = preSolution
		HideSolutionNode = FALSE
	EndGlobalSection
	GlobalSection(ExtensibilityGlobals) = postSolution
		SolutionGuid = {B53CB667-231D-461C-8ED3-3B43C1D458F1}
	EndGlobalSection
EndGlobal
