
Microsoft Visual Studio Solution File, Format Version 12.00
# Visual Studio 15
VisualStudioVersion = 15.0.28307.1340
MinimumVisualStudioVersion = 10.0.40219.1
Project("{FAE04EC0-301F-11D3-BF4B-00C04F79EFBC}") = "Tienda2021", "Tienda2021\Tienda2021.csproj", "{956222CE-2D85-463B-A90A-E338E6A5EA57}"
EndProject
Global
	GlobalSection(SolutionConfigurationPlatforms) = preSolution
		Debug|Any CPU = Debug|Any CPU
		Release|Any CPU = Release|Any CPU
	EndGlobalSection
	GlobalSection(ProjectConfigurationPlatforms) = postSolution
		{956222CE-2D85-463B-A90A-E338E6A5EA57}.Debug|Any CPU.ActiveCfg = Debug|Any CPU
		{956222CE-2D85-463B-A90A-E338E6A5EA57}.Debug|Any CPU.Build.0 = Debug|Any CPU
		{956222CE-2D85-463B-A90A-E338E6A5EA57}.Release|Any CPU.ActiveCfg = Release|Any CPU
		{956222CE-2D85-463B-A90A-E338E6A5EA57}.Release|Any CPU.Build.0 = Release|Any CPU
	EndGlobalSection
	GlobalSection(SolutionProperties) = preSolution
		HideSolutionNode = FALSE
	EndGlobalSection
	GlobalSection(ExtensibilityGlobals) = postSolution
		SolutionGuid = {0D030FA0-C764-4D61-81DA-35AB9A3ACEA3}
	EndGlobalSection
EndGlobal
