
Microsoft Visual Studio Solution File, Format Version 12.00
# Visual Studio 15
VisualStudioVersion = 15.0.26730.15
MinimumVisualStudioVersion = 10.0.40219.1
Project("{FAE04EC0-301F-11D3-BF4B-00C04F79EFBC}") = "CursoCsharp", "CursoCsharp\CursoCsharp.csproj", "{7B298F5A-CC60-44E2-9D41-1DB990207CB1}"
EndProject
Global
	GlobalSection(SolutionConfigurationPlatforms) = preSolution
		Debug|Any CPU = Debug|Any CPU
		Release|Any CPU = Release|Any CPU
	EndGlobalSection
	GlobalSection(ProjectConfigurationPlatforms) = postSolution
		{7B298F5A-CC60-44E2-9D41-1DB990207CB1}.Debug|Any CPU.ActiveCfg = Debug|Any CPU
		{7B298F5A-CC60-44E2-9D41-1DB990207CB1}.Debug|Any CPU.Build.0 = Debug|Any CPU
		{7B298F5A-CC60-44E2-9D41-1DB990207CB1}.Release|Any CPU.ActiveCfg = Release|Any CPU
		{7B298F5A-CC60-44E2-9D41-1DB990207CB1}.Release|Any CPU.Build.0 = Release|Any CPU
	EndGlobalSection
	GlobalSection(SolutionProperties) = preSolution
		HideSolutionNode = FALSE
	EndGlobalSection
	GlobalSection(ExtensibilityGlobals) = postSolution
		SolutionGuid = {6AEB5CF1-3C38-4083-AFDB-E1E51A33E2F0}
	EndGlobalSection
EndGlobal
